
Microsoft Visual Studio Solution File, Format Version 12.00
# Visual Studio Version 16
VisualStudioVersion = 16.0.29001.49
MinimumVisualStudioVersion = 10.0.40219.1
Project("{FAE04EC0-301F-11D3-BF4B-00C04F79EFBC}") = "Singleton", "Singleton\Singleton.csproj", "{5DE58511-FB9E-45D0-A1E6-B5925F9B3769}"
EndProject
Project("{FAE04EC0-301F-11D3-BF4B-00C04F79EFBC}") = "FactoryMethod", "FactoryMethod\FactoryMethod.csproj", "{277D08B7-CFFF-4A38-8505-DFDF939777BE}"
EndProject
Project("{2150E333-8FDC-42A3-9474-1A3956D46DE8}") = "Criacionais", "Criacionais", "{00283DA7-83B2-4E0F-BB62-CFCF279C33E2}"
EndProject
Project("{2150E333-8FDC-42A3-9474-1A3956D46DE8}") = "Estruturais", "Estruturais", "{082C7552-DBE3-4AF5-899C-20B4B83DAE88}"
EndProject
Project("{2150E333-8FDC-42A3-9474-1A3956D46DE8}") = "Comportamentais", "Comportamentais", "{1EFA31F7-2E93-4D15-9AEA-E402DDF10D8C}"
EndProject
Project("{FAE04EC0-301F-11D3-BF4B-00C04F79EFBC}") = "AbstractFactory", "AbstractFactory\AbstractFactory.csproj", "{D12E8A92-220A-45E5-8C02-8EC5263ED347}"
EndProject
Global
	GlobalSection(SolutionConfigurationPlatforms) = preSolution
		Debug|Any CPU = Debug|Any CPU
		Release|Any CPU = Release|Any CPU
	EndGlobalSection
	GlobalSection(ProjectConfigurationPlatforms) = postSolution
		{5DE58511-FB9E-45D0-A1E6-B5925F9B3769}.Debug|Any CPU.ActiveCfg = Debug|Any CPU
		{5DE58511-FB9E-45D0-A1E6-B5925F9B3769}.Debug|Any CPU.Build.0 = Debug|Any CPU
		{5DE58511-FB9E-45D0-A1E6-B5925F9B3769}.Release|Any CPU.ActiveCfg = Release|Any CPU
		{5DE58511-FB9E-45D0-A1E6-B5925F9B3769}.Release|Any CPU.Build.0 = Release|Any CPU
		{277D08B7-CFFF-4A38-8505-DFDF939777BE}.Debug|Any CPU.ActiveCfg = Debug|Any CPU
		{277D08B7-CFFF-4A38-8505-DFDF939777BE}.Debug|Any CPU.Build.0 = Debug|Any CPU
		{277D08B7-CFFF-4A38-8505-DFDF939777BE}.Release|Any CPU.ActiveCfg = Release|Any CPU
		{277D08B7-CFFF-4A38-8505-DFDF939777BE}.Release|Any CPU.Build.0 = Release|Any CPU
		{D12E8A92-220A-45E5-8C02-8EC5263ED347}.Debug|Any CPU.ActiveCfg = Debug|Any CPU
		{D12E8A92-220A-45E5-8C02-8EC5263ED347}.Debug|Any CPU.Build.0 = Debug|Any CPU
		{D12E8A92-220A-45E5-8C02-8EC5263ED347}.Release|Any CPU.ActiveCfg = Release|Any CPU
		{D12E8A92-220A-45E5-8C02-8EC5263ED347}.Release|Any CPU.Build.0 = Release|Any CPU
	EndGlobalSection
	GlobalSection(SolutionProperties) = preSolution
		HideSolutionNode = FALSE
	EndGlobalSection
	GlobalSection(NestedProjects) = preSolution
		{5DE58511-FB9E-45D0-A1E6-B5925F9B3769} = {00283DA7-83B2-4E0F-BB62-CFCF279C33E2}
		{277D08B7-CFFF-4A38-8505-DFDF939777BE} = {00283DA7-83B2-4E0F-BB62-CFCF279C33E2}
		{D12E8A92-220A-45E5-8C02-8EC5263ED347} = {00283DA7-83B2-4E0F-BB62-CFCF279C33E2}
	EndGlobalSection
	GlobalSection(ExtensibilityGlobals) = postSolution
		SolutionGuid = {AD94824D-AC00-4111-9362-FA17CDE90B79}
	EndGlobalSection
EndGlobal
