
Microsoft Visual Studio Solution File, Format Version 12.00
# Visual Studio Version 16
VisualStudioVersion = 16.0.29001.49
MinimumVisualStudioVersion = 10.0.40219.1
Project("{9A19103F-16F7-4668-BE54-9A1E7A4F7556}") = "Singleton", "Singleton\Singleton.csproj", "{5DE58511-FB9E-45D0-A1E6-B5925F9B3769}"
EndProject
Project("{9A19103F-16F7-4668-BE54-9A1E7A4F7556}") = "FactoryMethod", "FactoryMethod\FactoryMethod.csproj", "{277D08B7-CFFF-4A38-8505-DFDF939777BE}"
EndProject
Project("{2150E333-8FDC-42A3-9474-1A3956D46DE8}") = "Criacionais", "Criacionais", "{00283DA7-83B2-4E0F-BB62-CFCF279C33E2}"
	ProjectSection(SolutionItems) = preProject
		aboutCriationalPattern.txt = aboutCriationalPattern.txt
	EndProjectSection
EndProject
Project("{2150E333-8FDC-42A3-9474-1A3956D46DE8}") = "Estruturais", "Estruturais", "{082C7552-DBE3-4AF5-899C-20B4B83DAE88}"
	ProjectSection(SolutionItems) = preProject
		aboutExtructuralPattern.txt = aboutExtructuralPattern.txt
	EndProjectSection
EndProject
Project("{2150E333-8FDC-42A3-9474-1A3956D46DE8}") = "Comportamentais", "Comportamentais", "{1EFA31F7-2E93-4D15-9AEA-E402DDF10D8C}"
	ProjectSection(SolutionItems) = preProject
		aboutBehaviorsPattern.txt = aboutBehaviorsPattern.txt
	EndProjectSection
EndProject
Project("{9A19103F-16F7-4668-BE54-9A1E7A4F7556}") = "AbstractFactory", "AbstractFactory\AbstractFactory.csproj", "{D12E8A92-220A-45E5-8C02-8EC5263ED347}"
EndProject
Project("{9A19103F-16F7-4668-BE54-9A1E7A4F7556}") = "Builder", "Builder\Builder.csproj", "{832314B9-02FF-4C7C-A94C-4FFAFD745A51}"
EndProject
Project("{9A19103F-16F7-4668-BE54-9A1E7A4F7556}") = "Prototype", "Prototype\Prototype.csproj", "{0C09D555-0A24-40EE-8691-ABFD3EC9D831}"
EndProject
Project("{9A19103F-16F7-4668-BE54-9A1E7A4F7556}") = "Bridge", "Bridge\Bridge.csproj", "{B243219E-FB79-4CF5-B3E4-A2346928CC3F}"
EndProject
Project("{9A19103F-16F7-4668-BE54-9A1E7A4F7556}") = "Adapter", "Adapter\Adapter.csproj", "{E69067FA-E0A6-4D30-80C5-4E79EFB5E295}"
EndProject
Project("{9A19103F-16F7-4668-BE54-9A1E7A4F7556}") = "Proxy", "Proxy\Proxy.csproj", "{CD3A893F-60FE-43F1-89A5-61A03F3D88ED}"
EndProject
Project("{9A19103F-16F7-4668-BE54-9A1E7A4F7556}") = "Decorator", "Decorator\Decorator.csproj", "{110F0BE4-0EB1-418D-A2FC-D8E6E5AC2CF8}"
EndProject
Project("{9A19103F-16F7-4668-BE54-9A1E7A4F7556}") = "Composite", "Composite\Composite.csproj", "{127518C9-6771-4C60-8F4A-15311581321F}"
EndProject
Project("{9A19103F-16F7-4668-BE54-9A1E7A4F7556}") = "Facade", "Facade\Facade.csproj", "{8A8755C8-80BF-409D-B7DF-5C4512A8B8E9}"
EndProject
Project("{9A19103F-16F7-4668-BE54-9A1E7A4F7556}") = "Flyweight", "Flyweight\Flyweight.csproj", "{E2A90A06-C208-4D0E-B58B-576975713570}"
EndProject
Project("{9A19103F-16F7-4668-BE54-9A1E7A4F7556}") = "Command", "Command\Command.csproj", "{06870D12-966D-438E-A852-7D5404F9E5C2}"
EndProject
Project("{9A19103F-16F7-4668-BE54-9A1E7A4F7556}") = "Strategy", "Strategy\Strategy.csproj", "{6D507A82-56D0-4BB3-AEB1-5637A8241BAD}"
EndProject
Project("{9A19103F-16F7-4668-BE54-9A1E7A4F7556}") = "State", "State\State.csproj", "{2EC804F2-E592-4851-9D5D-9D9324532E78}"
EndProject
Project("{9A19103F-16F7-4668-BE54-9A1E7A4F7556}") = "Observer", "Observer\Observer.csproj", "{8C620647-742D-4A80-875D-6D2607CD1D78}"
EndProject
Project("{9A19103F-16F7-4668-BE54-9A1E7A4F7556}") = "Mediator", "Mediator\Mediator.csproj", "{815B9A51-720D-4691-A48C-8B4A23FAB134}"
EndProject
Project("{9A19103F-16F7-4668-BE54-9A1E7A4F7556}") = "ChainOfResponsability", "ChainOfResponsability\ChainOfResponsability.csproj", "{30AFFC42-3660-45D5-B05E-E09E53EA604B}"
EndProject
Project("{9A19103F-16F7-4668-BE54-9A1E7A4F7556}") = "Interpreter", "Interpreter\Interpreter.csproj", "{6136F35B-7B57-46A3-B4FF-6F56CEA8BA4F}"
EndProject
Project("{FAE04EC0-301F-11D3-BF4B-00C04F79EFBC}") = "TemplateMethod", "TemplateMethod\TemplateMethod.csproj", "{769F7FE6-4A1B-4EF2-A384-C96E744DA400}"
EndProject
Project("{FAE04EC0-301F-11D3-BF4B-00C04F79EFBC}") = "Memento", "Memento\Memento.csproj", "{B28DC5A3-EC59-4777-943C-AA53BA85CC1D}"
EndProject
Project("{FAE04EC0-301F-11D3-BF4B-00C04F79EFBC}") = "Iterator", "Iterator\Iterator.csproj", "{0F4EF73C-778C-4585-A97C-041360D0EFF8}"
EndProject
Project("{FAE04EC0-301F-11D3-BF4B-00C04F79EFBC}") = "Visitor", "Visitor\Visitor.csproj", "{5DBEF670-5F1F-4E97-BDB6-D2F8F03A2705}"
EndProject
Global
	GlobalSection(SolutionConfigurationPlatforms) = preSolution
		Debug|Any CPU = Debug|Any CPU
		Release|Any CPU = Release|Any CPU
	EndGlobalSection
	GlobalSection(ProjectConfigurationPlatforms) = postSolution
		{5DE58511-FB9E-45D0-A1E6-B5925F9B3769}.Debug|Any CPU.ActiveCfg = Debug|Any CPU
		{5DE58511-FB9E-45D0-A1E6-B5925F9B3769}.Debug|Any CPU.Build.0 = Debug|Any CPU
		{5DE58511-FB9E-45D0-A1E6-B5925F9B3769}.Release|Any CPU.ActiveCfg = Release|Any CPU
		{5DE58511-FB9E-45D0-A1E6-B5925F9B3769}.Release|Any CPU.Build.0 = Release|Any CPU
		{277D08B7-CFFF-4A38-8505-DFDF939777BE}.Debug|Any CPU.ActiveCfg = Debug|Any CPU
		{277D08B7-CFFF-4A38-8505-DFDF939777BE}.Debug|Any CPU.Build.0 = Debug|Any CPU
		{277D08B7-CFFF-4A38-8505-DFDF939777BE}.Release|Any CPU.ActiveCfg = Release|Any CPU
		{277D08B7-CFFF-4A38-8505-DFDF939777BE}.Release|Any CPU.Build.0 = Release|Any CPU
		{D12E8A92-220A-45E5-8C02-8EC5263ED347}.Debug|Any CPU.ActiveCfg = Debug|Any CPU
		{D12E8A92-220A-45E5-8C02-8EC5263ED347}.Debug|Any CPU.Build.0 = Debug|Any CPU
		{D12E8A92-220A-45E5-8C02-8EC5263ED347}.Release|Any CPU.ActiveCfg = Release|Any CPU
		{D12E8A92-220A-45E5-8C02-8EC5263ED347}.Release|Any CPU.Build.0 = Release|Any CPU
		{832314B9-02FF-4C7C-A94C-4FFAFD745A51}.Debug|Any CPU.ActiveCfg = Debug|Any CPU
		{832314B9-02FF-4C7C-A94C-4FFAFD745A51}.Debug|Any CPU.Build.0 = Debug|Any CPU
		{832314B9-02FF-4C7C-A94C-4FFAFD745A51}.Release|Any CPU.ActiveCfg = Release|Any CPU
		{832314B9-02FF-4C7C-A94C-4FFAFD745A51}.Release|Any CPU.Build.0 = Release|Any CPU
		{0C09D555-0A24-40EE-8691-ABFD3EC9D831}.Debug|Any CPU.ActiveCfg = Debug|Any CPU
		{0C09D555-0A24-40EE-8691-ABFD3EC9D831}.Debug|Any CPU.Build.0 = Debug|Any CPU
		{0C09D555-0A24-40EE-8691-ABFD3EC9D831}.Release|Any CPU.ActiveCfg = Release|Any CPU
		{0C09D555-0A24-40EE-8691-ABFD3EC9D831}.Release|Any CPU.Build.0 = Release|Any CPU
		{B243219E-FB79-4CF5-B3E4-A2346928CC3F}.Debug|Any CPU.ActiveCfg = Debug|Any CPU
		{B243219E-FB79-4CF5-B3E4-A2346928CC3F}.Debug|Any CPU.Build.0 = Debug|Any CPU
		{B243219E-FB79-4CF5-B3E4-A2346928CC3F}.Release|Any CPU.ActiveCfg = Release|Any CPU
		{B243219E-FB79-4CF5-B3E4-A2346928CC3F}.Release|Any CPU.Build.0 = Release|Any CPU
		{E69067FA-E0A6-4D30-80C5-4E79EFB5E295}.Debug|Any CPU.ActiveCfg = Debug|Any CPU
		{E69067FA-E0A6-4D30-80C5-4E79EFB5E295}.Debug|Any CPU.Build.0 = Debug|Any CPU
		{E69067FA-E0A6-4D30-80C5-4E79EFB5E295}.Release|Any CPU.ActiveCfg = Release|Any CPU
		{E69067FA-E0A6-4D30-80C5-4E79EFB5E295}.Release|Any CPU.Build.0 = Release|Any CPU
		{CD3A893F-60FE-43F1-89A5-61A03F3D88ED}.Debug|Any CPU.ActiveCfg = Debug|Any CPU
		{CD3A893F-60FE-43F1-89A5-61A03F3D88ED}.Debug|Any CPU.Build.0 = Debug|Any CPU
		{CD3A893F-60FE-43F1-89A5-61A03F3D88ED}.Release|Any CPU.ActiveCfg = Release|Any CPU
		{CD3A893F-60FE-43F1-89A5-61A03F3D88ED}.Release|Any CPU.Build.0 = Release|Any CPU
		{110F0BE4-0EB1-418D-A2FC-D8E6E5AC2CF8}.Debug|Any CPU.ActiveCfg = Debug|Any CPU
		{110F0BE4-0EB1-418D-A2FC-D8E6E5AC2CF8}.Debug|Any CPU.Build.0 = Debug|Any CPU
		{110F0BE4-0EB1-418D-A2FC-D8E6E5AC2CF8}.Release|Any CPU.ActiveCfg = Release|Any CPU
		{110F0BE4-0EB1-418D-A2FC-D8E6E5AC2CF8}.Release|Any CPU.Build.0 = Release|Any CPU
		{127518C9-6771-4C60-8F4A-15311581321F}.Debug|Any CPU.ActiveCfg = Debug|Any CPU
		{127518C9-6771-4C60-8F4A-15311581321F}.Debug|Any CPU.Build.0 = Debug|Any CPU
		{127518C9-6771-4C60-8F4A-15311581321F}.Release|Any CPU.ActiveCfg = Release|Any CPU
		{127518C9-6771-4C60-8F4A-15311581321F}.Release|Any CPU.Build.0 = Release|Any CPU
		{8A8755C8-80BF-409D-B7DF-5C4512A8B8E9}.Debug|Any CPU.ActiveCfg = Debug|Any CPU
		{8A8755C8-80BF-409D-B7DF-5C4512A8B8E9}.Debug|Any CPU.Build.0 = Debug|Any CPU
		{8A8755C8-80BF-409D-B7DF-5C4512A8B8E9}.Release|Any CPU.ActiveCfg = Release|Any CPU
		{8A8755C8-80BF-409D-B7DF-5C4512A8B8E9}.Release|Any CPU.Build.0 = Release|Any CPU
		{E2A90A06-C208-4D0E-B58B-576975713570}.Debug|Any CPU.ActiveCfg = Debug|Any CPU
		{E2A90A06-C208-4D0E-B58B-576975713570}.Debug|Any CPU.Build.0 = Debug|Any CPU
		{E2A90A06-C208-4D0E-B58B-576975713570}.Release|Any CPU.ActiveCfg = Release|Any CPU
		{E2A90A06-C208-4D0E-B58B-576975713570}.Release|Any CPU.Build.0 = Release|Any CPU
		{06870D12-966D-438E-A852-7D5404F9E5C2}.Debug|Any CPU.ActiveCfg = Debug|Any CPU
		{06870D12-966D-438E-A852-7D5404F9E5C2}.Debug|Any CPU.Build.0 = Debug|Any CPU
		{06870D12-966D-438E-A852-7D5404F9E5C2}.Release|Any CPU.ActiveCfg = Release|Any CPU
		{06870D12-966D-438E-A852-7D5404F9E5C2}.Release|Any CPU.Build.0 = Release|Any CPU
		{6D507A82-56D0-4BB3-AEB1-5637A8241BAD}.Debug|Any CPU.ActiveCfg = Debug|Any CPU
		{6D507A82-56D0-4BB3-AEB1-5637A8241BAD}.Debug|Any CPU.Build.0 = Debug|Any CPU
		{6D507A82-56D0-4BB3-AEB1-5637A8241BAD}.Release|Any CPU.ActiveCfg = Release|Any CPU
		{6D507A82-56D0-4BB3-AEB1-5637A8241BAD}.Release|Any CPU.Build.0 = Release|Any CPU
		{2EC804F2-E592-4851-9D5D-9D9324532E78}.Debug|Any CPU.ActiveCfg = Debug|Any CPU
		{2EC804F2-E592-4851-9D5D-9D9324532E78}.Debug|Any CPU.Build.0 = Debug|Any CPU
		{2EC804F2-E592-4851-9D5D-9D9324532E78}.Release|Any CPU.ActiveCfg = Release|Any CPU
		{2EC804F2-E592-4851-9D5D-9D9324532E78}.Release|Any CPU.Build.0 = Release|Any CPU
		{8C620647-742D-4A80-875D-6D2607CD1D78}.Debug|Any CPU.ActiveCfg = Debug|Any CPU
		{8C620647-742D-4A80-875D-6D2607CD1D78}.Debug|Any CPU.Build.0 = Debug|Any CPU
		{8C620647-742D-4A80-875D-6D2607CD1D78}.Release|Any CPU.ActiveCfg = Release|Any CPU
		{8C620647-742D-4A80-875D-6D2607CD1D78}.Release|Any CPU.Build.0 = Release|Any CPU
		{815B9A51-720D-4691-A48C-8B4A23FAB134}.Debug|Any CPU.ActiveCfg = Debug|Any CPU
		{815B9A51-720D-4691-A48C-8B4A23FAB134}.Debug|Any CPU.Build.0 = Debug|Any CPU
		{815B9A51-720D-4691-A48C-8B4A23FAB134}.Release|Any CPU.ActiveCfg = Release|Any CPU
		{815B9A51-720D-4691-A48C-8B4A23FAB134}.Release|Any CPU.Build.0 = Release|Any CPU
		{30AFFC42-3660-45D5-B05E-E09E53EA604B}.Debug|Any CPU.ActiveCfg = Debug|Any CPU
		{30AFFC42-3660-45D5-B05E-E09E53EA604B}.Debug|Any CPU.Build.0 = Debug|Any CPU
		{30AFFC42-3660-45D5-B05E-E09E53EA604B}.Release|Any CPU.ActiveCfg = Release|Any CPU
		{30AFFC42-3660-45D5-B05E-E09E53EA604B}.Release|Any CPU.Build.0 = Release|Any CPU
		{6136F35B-7B57-46A3-B4FF-6F56CEA8BA4F}.Debug|Any CPU.ActiveCfg = Debug|Any CPU
		{6136F35B-7B57-46A3-B4FF-6F56CEA8BA4F}.Debug|Any CPU.Build.0 = Debug|Any CPU
		{6136F35B-7B57-46A3-B4FF-6F56CEA8BA4F}.Release|Any CPU.ActiveCfg = Release|Any CPU
		{6136F35B-7B57-46A3-B4FF-6F56CEA8BA4F}.Release|Any CPU.Build.0 = Release|Any CPU
		{769F7FE6-4A1B-4EF2-A384-C96E744DA400}.Debug|Any CPU.ActiveCfg = Debug|Any CPU
		{769F7FE6-4A1B-4EF2-A384-C96E744DA400}.Debug|Any CPU.Build.0 = Debug|Any CPU
		{769F7FE6-4A1B-4EF2-A384-C96E744DA400}.Release|Any CPU.ActiveCfg = Release|Any CPU
		{769F7FE6-4A1B-4EF2-A384-C96E744DA400}.Release|Any CPU.Build.0 = Release|Any CPU
		{B28DC5A3-EC59-4777-943C-AA53BA85CC1D}.Debug|Any CPU.ActiveCfg = Debug|Any CPU
		{B28DC5A3-EC59-4777-943C-AA53BA85CC1D}.Debug|Any CPU.Build.0 = Debug|Any CPU
		{B28DC5A3-EC59-4777-943C-AA53BA85CC1D}.Release|Any CPU.ActiveCfg = Release|Any CPU
		{B28DC5A3-EC59-4777-943C-AA53BA85CC1D}.Release|Any CPU.Build.0 = Release|Any CPU
		{0F4EF73C-778C-4585-A97C-041360D0EFF8}.Debug|Any CPU.ActiveCfg = Debug|Any CPU
		{0F4EF73C-778C-4585-A97C-041360D0EFF8}.Debug|Any CPU.Build.0 = Debug|Any CPU
		{0F4EF73C-778C-4585-A97C-041360D0EFF8}.Release|Any CPU.ActiveCfg = Release|Any CPU
		{0F4EF73C-778C-4585-A97C-041360D0EFF8}.Release|Any CPU.Build.0 = Release|Any CPU
		{5DBEF670-5F1F-4E97-BDB6-D2F8F03A2705}.Debug|Any CPU.ActiveCfg = Debug|Any CPU
		{5DBEF670-5F1F-4E97-BDB6-D2F8F03A2705}.Debug|Any CPU.Build.0 = Debug|Any CPU
		{5DBEF670-5F1F-4E97-BDB6-D2F8F03A2705}.Release|Any CPU.ActiveCfg = Release|Any CPU
		{5DBEF670-5F1F-4E97-BDB6-D2F8F03A2705}.Release|Any CPU.Build.0 = Release|Any CPU
	EndGlobalSection
	GlobalSection(SolutionProperties) = preSolution
		HideSolutionNode = FALSE
	EndGlobalSection
	GlobalSection(NestedProjects) = preSolution
		{5DE58511-FB9E-45D0-A1E6-B5925F9B3769} = {00283DA7-83B2-4E0F-BB62-CFCF279C33E2}
		{277D08B7-CFFF-4A38-8505-DFDF939777BE} = {00283DA7-83B2-4E0F-BB62-CFCF279C33E2}
		{D12E8A92-220A-45E5-8C02-8EC5263ED347} = {00283DA7-83B2-4E0F-BB62-CFCF279C33E2}
		{832314B9-02FF-4C7C-A94C-4FFAFD745A51} = {00283DA7-83B2-4E0F-BB62-CFCF279C33E2}
		{0C09D555-0A24-40EE-8691-ABFD3EC9D831} = {00283DA7-83B2-4E0F-BB62-CFCF279C33E2}
		{B243219E-FB79-4CF5-B3E4-A2346928CC3F} = {082C7552-DBE3-4AF5-899C-20B4B83DAE88}
		{E69067FA-E0A6-4D30-80C5-4E79EFB5E295} = {082C7552-DBE3-4AF5-899C-20B4B83DAE88}
		{CD3A893F-60FE-43F1-89A5-61A03F3D88ED} = {082C7552-DBE3-4AF5-899C-20B4B83DAE88}
		{110F0BE4-0EB1-418D-A2FC-D8E6E5AC2CF8} = {082C7552-DBE3-4AF5-899C-20B4B83DAE88}
		{127518C9-6771-4C60-8F4A-15311581321F} = {082C7552-DBE3-4AF5-899C-20B4B83DAE88}
		{8A8755C8-80BF-409D-B7DF-5C4512A8B8E9} = {082C7552-DBE3-4AF5-899C-20B4B83DAE88}
		{E2A90A06-C208-4D0E-B58B-576975713570} = {082C7552-DBE3-4AF5-899C-20B4B83DAE88}
		{06870D12-966D-438E-A852-7D5404F9E5C2} = {1EFA31F7-2E93-4D15-9AEA-E402DDF10D8C}
		{6D507A82-56D0-4BB3-AEB1-5637A8241BAD} = {1EFA31F7-2E93-4D15-9AEA-E402DDF10D8C}
		{2EC804F2-E592-4851-9D5D-9D9324532E78} = {1EFA31F7-2E93-4D15-9AEA-E402DDF10D8C}
		{8C620647-742D-4A80-875D-6D2607CD1D78} = {1EFA31F7-2E93-4D15-9AEA-E402DDF10D8C}
		{815B9A51-720D-4691-A48C-8B4A23FAB134} = {1EFA31F7-2E93-4D15-9AEA-E402DDF10D8C}
		{30AFFC42-3660-45D5-B05E-E09E53EA604B} = {1EFA31F7-2E93-4D15-9AEA-E402DDF10D8C}
		{6136F35B-7B57-46A3-B4FF-6F56CEA8BA4F} = {1EFA31F7-2E93-4D15-9AEA-E402DDF10D8C}
		{769F7FE6-4A1B-4EF2-A384-C96E744DA400} = {1EFA31F7-2E93-4D15-9AEA-E402DDF10D8C}
		{B28DC5A3-EC59-4777-943C-AA53BA85CC1D} = {1EFA31F7-2E93-4D15-9AEA-E402DDF10D8C}
		{0F4EF73C-778C-4585-A97C-041360D0EFF8} = {1EFA31F7-2E93-4D15-9AEA-E402DDF10D8C}
		{5DBEF670-5F1F-4E97-BDB6-D2F8F03A2705} = {1EFA31F7-2E93-4D15-9AEA-E402DDF10D8C}
	EndGlobalSection
	GlobalSection(ExtensibilityGlobals) = postSolution
		SolutionGuid = {AD94824D-AC00-4111-9362-FA17CDE90B79}
	EndGlobalSection
EndGlobal
