
Microsoft Visual Studio Solution File, Format Version 12.00
# Visual Studio Version 16
VisualStudioVersion = 16.0.29001.49
MinimumVisualStudioVersion = 10.0.40219.1
Project("{9A19103F-16F7-4668-BE54-9A1E7A4F7556}") = "Singleton", "Singleton\Singleton.csproj", "{5DE58511-FB9E-45D0-A1E6-B5925F9B3769}"
EndProject
Project("{9A19103F-16F7-4668-BE54-9A1E7A4F7556}") = "FactoryMethod", "FactoryMethod\FactoryMethod.csproj", "{277D08B7-CFFF-4A38-8505-DFDF939777BE}"
EndProject
Project("{2150E333-8FDC-42A3-9474-1A3956D46DE8}") = "Criacionais", "Criacionais", "{00283DA7-83B2-4E0F-BB62-CFCF279C33E2}"
	ProjectSection(SolutionItems) = preProject
		aboutCriationalPattern.txt = aboutCriationalPattern.txt
	EndProjectSection
EndProject
Project("{2150E333-8FDC-42A3-9474-1A3956D46DE8}") = "Estruturais", "Estruturais", "{082C7552-DBE3-4AF5-899C-20B4B83DAE88}"
	ProjectSection(SolutionItems) = preProject
		aboutExtructuralPattern.txt = aboutExtructuralPattern.txt
	EndProjectSection
EndProject
Project("{2150E333-8FDC-42A3-9474-1A3956D46DE8}") = "Comportamentais", "Comportamentais", "{1EFA31F7-2E93-4D15-9AEA-E402DDF10D8C}"
	ProjectSection(SolutionItems) = preProject
		aboutBehaviorsPattern.txt = aboutBehaviorsPattern.txt
	EndProjectSection
EndProject
Project("{9A19103F-16F7-4668-BE54-9A1E7A4F7556}") = "AbstractFactory", "AbstractFactory\AbstractFactory.csproj", "{D12E8A92-220A-45E5-8C02-8EC5263ED347}"
EndProject
Project("{9A19103F-16F7-4668-BE54-9A1E7A4F7556}") = "Builder", "Builder\Builder.csproj", "{832314B9-02FF-4C7C-A94C-4FFAFD745A51}"
EndProject
Project("{9A19103F-16F7-4668-BE54-9A1E7A4F7556}") = "Prototype", "Prototype\Prototype.csproj", "{0C09D555-0A24-40EE-8691-ABFD3EC9D831}"
EndProject
Project("{9A19103F-16F7-4668-BE54-9A1E7A4F7556}") = "Bridge", "Bridge\Bridge.csproj", "{B243219E-FB79-4CF5-B3E4-A2346928CC3F}"
EndProject
Project("{9A19103F-16F7-4668-BE54-9A1E7A4F7556}") = "Adapter", "Adapter\Adapter.csproj", "{E69067FA-E0A6-4D30-80C5-4E79EFB5E295}"
EndProject
Project("{FAE04EC0-301F-11D3-BF4B-00C04F79EFBC}") = "Proxy", "Proxy\Proxy.csproj", "{CD3A893F-60FE-43F1-89A5-61A03F3D88ED}"
EndProject
Project("{FAE04EC0-301F-11D3-BF4B-00C04F79EFBC}") = "Decorator", "Decorator\Decorator.csproj", "{110F0BE4-0EB1-418D-A2FC-D8E6E5AC2CF8}"
EndProject
Project("{FAE04EC0-301F-11D3-BF4B-00C04F79EFBC}") = "Composite", "Composite\Composite.csproj", "{127518C9-6771-4C60-8F4A-15311581321F}"
EndProject
Project("{FAE04EC0-301F-11D3-BF4B-00C04F79EFBC}") = "Facade", "Facade\Facade.csproj", "{8A8755C8-80BF-409D-B7DF-5C4512A8B8E9}"
EndProject
Project("{FAE04EC0-301F-11D3-BF4B-00C04F79EFBC}") = "Flyweight", "Flyweight\Flyweight.csproj", "{E2A90A06-C208-4D0E-B58B-576975713570}"
EndProject
Project("{FAE04EC0-301F-11D3-BF4B-00C04F79EFBC}") = "Command", "Command\Command.csproj", "{06870D12-966D-438E-A852-7D5404F9E5C2}"
EndProject
Global
	GlobalSection(SolutionConfigurationPlatforms) = preSolution
		Debug|Any CPU = Debug|Any CPU
		Release|Any CPU = Release|Any CPU
	EndGlobalSection
	GlobalSection(ProjectConfigurationPlatforms) = postSolution
		{5DE58511-FB9E-45D0-A1E6-B5925F9B3769}.Debug|Any CPU.ActiveCfg = Debug|Any CPU
		{5DE58511-FB9E-45D0-A1E6-B5925F9B3769}.Debug|Any CPU.Build.0 = Debug|Any CPU
		{5DE58511-FB9E-45D0-A1E6-B5925F9B3769}.Release|Any CPU.ActiveCfg = Release|Any CPU
		{5DE58511-FB9E-45D0-A1E6-B5925F9B3769}.Release|Any CPU.Build.0 = Release|Any CPU
		{277D08B7-CFFF-4A38-8505-DFDF939777BE}.Debug|Any CPU.ActiveCfg = Debug|Any CPU
		{277D08B7-CFFF-4A38-8505-DFDF939777BE}.Debug|Any CPU.Build.0 = Debug|Any CPU
		{277D08B7-CFFF-4A38-8505-DFDF939777BE}.Release|Any CPU.ActiveCfg = Release|Any CPU
		{277D08B7-CFFF-4A38-8505-DFDF939777BE}.Release|Any CPU.Build.0 = Release|Any CPU
		{D12E8A92-220A-45E5-8C02-8EC5263ED347}.Debug|Any CPU.ActiveCfg = Debug|Any CPU
		{D12E8A92-220A-45E5-8C02-8EC5263ED347}.Debug|Any CPU.Build.0 = Debug|Any CPU
		{D12E8A92-220A-45E5-8C02-8EC5263ED347}.Release|Any CPU.ActiveCfg = Release|Any CPU
		{D12E8A92-220A-45E5-8C02-8EC5263ED347}.Release|Any CPU.Build.0 = Release|Any CPU
		{832314B9-02FF-4C7C-A94C-4FFAFD745A51}.Debug|Any CPU.ActiveCfg = Debug|Any CPU
		{832314B9-02FF-4C7C-A94C-4FFAFD745A51}.Debug|Any CPU.Build.0 = Debug|Any CPU
		{832314B9-02FF-4C7C-A94C-4FFAFD745A51}.Release|Any CPU.ActiveCfg = Release|Any CPU
		{832314B9-02FF-4C7C-A94C-4FFAFD745A51}.Release|Any CPU.Build.0 = Release|Any CPU
		{0C09D555-0A24-40EE-8691-ABFD3EC9D831}.Debug|Any CPU.ActiveCfg = Debug|Any CPU
		{0C09D555-0A24-40EE-8691-ABFD3EC9D831}.Debug|Any CPU.Build.0 = Debug|Any CPU
		{0C09D555-0A24-40EE-8691-ABFD3EC9D831}.Release|Any CPU.ActiveCfg = Release|Any CPU
		{0C09D555-0A24-40EE-8691-ABFD3EC9D831}.Release|Any CPU.Build.0 = Release|Any CPU
		{B243219E-FB79-4CF5-B3E4-A2346928CC3F}.Debug|Any CPU.ActiveCfg = Debug|Any CPU
		{B243219E-FB79-4CF5-B3E4-A2346928CC3F}.Debug|Any CPU.Build.0 = Debug|Any CPU
		{B243219E-FB79-4CF5-B3E4-A2346928CC3F}.Release|Any CPU.ActiveCfg = Release|Any CPU
		{B243219E-FB79-4CF5-B3E4-A2346928CC3F}.Release|Any CPU.Build.0 = Release|Any CPU
		{E69067FA-E0A6-4D30-80C5-4E79EFB5E295}.Debug|Any CPU.ActiveCfg = Debug|Any CPU
		{E69067FA-E0A6-4D30-80C5-4E79EFB5E295}.Debug|Any CPU.Build.0 = Debug|Any CPU
		{E69067FA-E0A6-4D30-80C5-4E79EFB5E295}.Release|Any CPU.ActiveCfg = Release|Any CPU
		{E69067FA-E0A6-4D30-80C5-4E79EFB5E295}.Release|Any CPU.Build.0 = Release|Any CPU
		{CD3A893F-60FE-43F1-89A5-61A03F3D88ED}.Debug|Any CPU.ActiveCfg = Debug|Any CPU
		{CD3A893F-60FE-43F1-89A5-61A03F3D88ED}.Debug|Any CPU.Build.0 = Debug|Any CPU
		{CD3A893F-60FE-43F1-89A5-61A03F3D88ED}.Release|Any CPU.ActiveCfg = Release|Any CPU
		{CD3A893F-60FE-43F1-89A5-61A03F3D88ED}.Release|Any CPU.Build.0 = Release|Any CPU
		{110F0BE4-0EB1-418D-A2FC-D8E6E5AC2CF8}.Debug|Any CPU.ActiveCfg = Debug|Any CPU
		{110F0BE4-0EB1-418D-A2FC-D8E6E5AC2CF8}.Debug|Any CPU.Build.0 = Debug|Any CPU
		{110F0BE4-0EB1-418D-A2FC-D8E6E5AC2CF8}.Release|Any CPU.ActiveCfg = Release|Any CPU
		{110F0BE4-0EB1-418D-A2FC-D8E6E5AC2CF8}.Release|Any CPU.Build.0 = Release|Any CPU
		{127518C9-6771-4C60-8F4A-15311581321F}.Debug|Any CPU.ActiveCfg = Debug|Any CPU
		{127518C9-6771-4C60-8F4A-15311581321F}.Debug|Any CPU.Build.0 = Debug|Any CPU
		{127518C9-6771-4C60-8F4A-15311581321F}.Release|Any CPU.ActiveCfg = Release|Any CPU
		{127518C9-6771-4C60-8F4A-15311581321F}.Release|Any CPU.Build.0 = Release|Any CPU
		{8A8755C8-80BF-409D-B7DF-5C4512A8B8E9}.Debug|Any CPU.ActiveCfg = Debug|Any CPU
		{8A8755C8-80BF-409D-B7DF-5C4512A8B8E9}.Debug|Any CPU.Build.0 = Debug|Any CPU
		{8A8755C8-80BF-409D-B7DF-5C4512A8B8E9}.Release|Any CPU.ActiveCfg = Release|Any CPU
		{8A8755C8-80BF-409D-B7DF-5C4512A8B8E9}.Release|Any CPU.Build.0 = Release|Any CPU
		{E2A90A06-C208-4D0E-B58B-576975713570}.Debug|Any CPU.ActiveCfg = Debug|Any CPU
		{E2A90A06-C208-4D0E-B58B-576975713570}.Debug|Any CPU.Build.0 = Debug|Any CPU
		{E2A90A06-C208-4D0E-B58B-576975713570}.Release|Any CPU.ActiveCfg = Release|Any CPU
		{E2A90A06-C208-4D0E-B58B-576975713570}.Release|Any CPU.Build.0 = Release|Any CPU
		{06870D12-966D-438E-A852-7D5404F9E5C2}.Debug|Any CPU.ActiveCfg = Debug|Any CPU
		{06870D12-966D-438E-A852-7D5404F9E5C2}.Debug|Any CPU.Build.0 = Debug|Any CPU
		{06870D12-966D-438E-A852-7D5404F9E5C2}.Release|Any CPU.ActiveCfg = Release|Any CPU
		{06870D12-966D-438E-A852-7D5404F9E5C2}.Release|Any CPU.Build.0 = Release|Any CPU
	EndGlobalSection
	GlobalSection(SolutionProperties) = preSolution
		HideSolutionNode = FALSE
	EndGlobalSection
	GlobalSection(NestedProjects) = preSolution
		{5DE58511-FB9E-45D0-A1E6-B5925F9B3769} = {00283DA7-83B2-4E0F-BB62-CFCF279C33E2}
		{277D08B7-CFFF-4A38-8505-DFDF939777BE} = {00283DA7-83B2-4E0F-BB62-CFCF279C33E2}
		{D12E8A92-220A-45E5-8C02-8EC5263ED347} = {00283DA7-83B2-4E0F-BB62-CFCF279C33E2}
		{832314B9-02FF-4C7C-A94C-4FFAFD745A51} = {00283DA7-83B2-4E0F-BB62-CFCF279C33E2}
		{0C09D555-0A24-40EE-8691-ABFD3EC9D831} = {00283DA7-83B2-4E0F-BB62-CFCF279C33E2}
		{B243219E-FB79-4CF5-B3E4-A2346928CC3F} = {082C7552-DBE3-4AF5-899C-20B4B83DAE88}
		{E69067FA-E0A6-4D30-80C5-4E79EFB5E295} = {082C7552-DBE3-4AF5-899C-20B4B83DAE88}
		{CD3A893F-60FE-43F1-89A5-61A03F3D88ED} = {082C7552-DBE3-4AF5-899C-20B4B83DAE88}
		{110F0BE4-0EB1-418D-A2FC-D8E6E5AC2CF8} = {082C7552-DBE3-4AF5-899C-20B4B83DAE88}
		{127518C9-6771-4C60-8F4A-15311581321F} = {082C7552-DBE3-4AF5-899C-20B4B83DAE88}
		{8A8755C8-80BF-409D-B7DF-5C4512A8B8E9} = {082C7552-DBE3-4AF5-899C-20B4B83DAE88}
		{E2A90A06-C208-4D0E-B58B-576975713570} = {082C7552-DBE3-4AF5-899C-20B4B83DAE88}
		{06870D12-966D-438E-A852-7D5404F9E5C2} = {1EFA31F7-2E93-4D15-9AEA-E402DDF10D8C}
	EndGlobalSection
	GlobalSection(ExtensibilityGlobals) = postSolution
		SolutionGuid = {AD94824D-AC00-4111-9362-FA17CDE90B79}
	EndGlobalSection
EndGlobal
